
Microsoft Visual Studio Solution File, Format Version 12.00
# Visual Studio Version 17
VisualStudioVersion = 17.10.35013.160
MinimumVisualStudioVersion = 10.0.40219.1
Project("{FAE04EC0-301F-11D3-BF4B-00C04F79EFBC}") = "OpenAIChatBot", "OpenAIChatBot\OpenAIChatBot.csproj", "{D98A2FCD-6253-4AF6-AD5F-F0A4CC853E9D}"
EndProject
Global
	GlobalSection(SolutionConfigurationPlatforms) = preSolution
		Debug|Any CPU = Debug|Any CPU
		Release|Any CPU = Release|Any CPU
	EndGlobalSection
	GlobalSection(ProjectConfigurationPlatforms) = postSolution
		{D98A2FCD-6253-4AF6-AD5F-F0A4CC853E9D}.Debug|Any CPU.ActiveCfg = Debug|Any CPU
		{D98A2FCD-6253-4AF6-AD5F-F0A4CC853E9D}.Debug|Any CPU.Build.0 = Debug|Any CPU
		{D98A2FCD-6253-4AF6-AD5F-F0A4CC853E9D}.Release|Any CPU.ActiveCfg = Release|Any CPU
		{D98A2FCD-6253-4AF6-AD5F-F0A4CC853E9D}.Release|Any CPU.Build.0 = Release|Any CPU
	EndGlobalSection
	GlobalSection(SolutionProperties) = preSolution
		HideSolutionNode = FALSE
	EndGlobalSection
	GlobalSection(ExtensibilityGlobals) = postSolution
		SolutionGuid = {90CA7604-EF5C-4ED1-89EB-DF7A71165786}
	EndGlobalSection
EndGlobal
